
Microsoft Visual Studio Solution File, Format Version 12.00
# Visual Studio Version 16
VisualStudioVersion = 16.0.32228.343
MinimumVisualStudioVersion = 10.0.40219.1
Project("{FAE04EC0-301F-11D3-BF4B-00C04F79EFBC}") = "RevitAPITrainingUI", "RevitAPITrainingUI\RevitAPITrainingUI.csproj", "{5C3921B5-86B6-4E40-9434-FD975315B7AE}"
EndProject
Project("{FAE04EC0-301F-11D3-BF4B-00C04F79EFBC}") = "RevitAPITrainingLibrary", "..\RevitAPITrainingLibrary\RevitAPITrainingLibrary\RevitAPITrainingLibrary.csproj", "{5605CC4D-0279-48EE-AB1D-20A76143B408}"
EndProject
Global
	GlobalSection(SolutionConfigurationPlatforms) = preSolution
		Debug|Any CPU = Debug|Any CPU
		Release|Any CPU = Release|Any CPU
	EndGlobalSection
	GlobalSection(ProjectConfigurationPlatforms) = postSolution
		{5C3921B5-86B6-4E40-9434-FD975315B7AE}.Debug|Any CPU.ActiveCfg = Debug|Any CPU
		{5C3921B5-86B6-4E40-9434-FD975315B7AE}.Debug|Any CPU.Build.0 = Debug|Any CPU
		{5C3921B5-86B6-4E40-9434-FD975315B7AE}.Release|Any CPU.ActiveCfg = Release|Any CPU
		{5C3921B5-86B6-4E40-9434-FD975315B7AE}.Release|Any CPU.Build.0 = Release|Any CPU
		{5605CC4D-0279-48EE-AB1D-20A76143B408}.Debug|Any CPU.ActiveCfg = Debug|Any CPU
		{5605CC4D-0279-48EE-AB1D-20A76143B408}.Debug|Any CPU.Build.0 = Debug|Any CPU
		{5605CC4D-0279-48EE-AB1D-20A76143B408}.Release|Any CPU.ActiveCfg = Release|Any CPU
		{5605CC4D-0279-48EE-AB1D-20A76143B408}.Release|Any CPU.Build.0 = Release|Any CPU
	EndGlobalSection
	GlobalSection(SolutionProperties) = preSolution
		HideSolutionNode = FALSE
	EndGlobalSection
	GlobalSection(ExtensibilityGlobals) = postSolution
		SolutionGuid = {DDEFEF5F-B9A9-4DB2-BC95-4233C02D9DD5}
	EndGlobalSection
EndGlobal
